// !$*UTF8*$!
{
	archiveVersion = 1;
	classes = {
	};
	objectVersion = 56;
	objects = {

/* Begin PBXBuildFile section */
		05362C7F2C2EB0BD00E5F51C /* AppDelegate.swift in Sources */ = {isa = PBXBuildFile; fileRef = 05362C7E2C2EB0BD00E5F51C /* AppDelegate.swift */; };
		05362C812C2EB0BD00E5F51C /* SceneDelegate.swift in Sources */ = {isa = PBXBuildFile; fileRef = 05362C802C2EB0BD00E5F51C /* SceneDelegate.swift */; };
		05362C832C2EB0BD00E5F51C /* ViewController.swift in Sources */ = {isa = PBXBuildFile; fileRef = 05362C822C2EB0BD00E5F51C /* ViewController.swift */; };
		05362C892C2EB0BD00E5F51C /* Stock_Zone.xcdatamodeld in Sources */ = {isa = PBXBuildFile; fileRef = 05362C872C2EB0BD00E5F51C /* Stock_Zone.xcdatamodeld */; };
		05362C8B2C2EB0BF00E5F51C /* Assets.xcassets in Resources */ = {isa = PBXBuildFile; fileRef = 05362C8A2C2EB0BF00E5F51C /* Assets.xcassets */; };
		05362C8E2C2EB0BF00E5F51C /* LaunchScreen.storyboard in Resources */ = {isa = PBXBuildFile; fileRef = 05362C8C2C2EB0BF00E5F51C /* LaunchScreen.storyboard */; };
		05362C992C2EB0BF00E5F51C /* Stock_ZoneTests.swift in Sources */ = {isa = PBXBuildFile; fileRef = 05362C982C2EB0BF00E5F51C /* Stock_ZoneTests.swift */; };
		05362CA32C2EB0BF00E5F51C /* Stock_ZoneUITests.swift in Sources */ = {isa = PBXBuildFile; fileRef = 05362CA22C2EB0BF00E5F51C /* Stock_ZoneUITests.swift */; };
		05362CA52C2EB0BF00E5F51C /* Stock_ZoneUITestsLaunchTests.swift in Sources */ = {isa = PBXBuildFile; fileRef = 05362CA42C2EB0BF00E5F51C /* Stock_ZoneUITestsLaunchTests.swift */; };
/* End PBXBuildFile section */

/* Begin PBXContainerItemProxy section */
		05362C952C2EB0BF00E5F51C /* PBXContainerItemProxy */ = {
			isa = PBXContainerItemProxy;
			containerPortal = 05362C732C2EB0BD00E5F51C /* Project object */;
			proxyType = 1;
			remoteGlobalIDString = 05362C7A2C2EB0BD00E5F51C;
			remoteInfo = "Stock Zone";
		};
		05362C9F2C2EB0BF00E5F51C /* PBXContainerItemProxy */ = {
			isa = PBXContainerItemProxy;
			containerPortal = 05362C732C2EB0BD00E5F51C /* Project object */;
			proxyType = 1;
			remoteGlobalIDString = 05362C7A2C2EB0BD00E5F51C;
			remoteInfo = "Stock Zone";
		};
/* End PBXContainerItemProxy section */

/* Begin PBXFileReference section */
		05362C7B2C2EB0BD00E5F51C /* Stock Zone.app */ = {isa = PBXFileReference; explicitFileType = wrapper.application; includeInIndex = 0; path = "Stock Zone.app"; sourceTree = BUILT_PRODUCTS_DIR; };
		05362C7E2C2EB0BD00E5F51C /* AppDelegate.swift */ = {isa = PBXFileReference; lastKnownFileType = sourcecode.swift; path = AppDelegate.swift; sourceTree = "<group>"; };
		05362C802C2EB0BD00E5F51C /* SceneDelegate.swift */ = {isa = PBXFileReference; lastKnownFileType = sourcecode.swift; path = SceneDelegate.swift; sourceTree = "<group>"; };
		05362C822C2EB0BD00E5F51C /* ViewController.swift */ = {isa = PBXFileReference; lastKnownFileType = sourcecode.swift; path = ViewController.swift; sourceTree = "<group>"; };
		05362C882C2EB0BD00E5F51C /* Stock_Zone.xcdatamodel */ = {isa = PBXFileReference; lastKnownFileType = wrapper.xcdatamodel; path = Stock_Zone.xcdatamodel; sourceTree = "<group>"; };
		05362C8A2C2EB0BF00E5F51C /* Assets.xcassets */ = {isa = PBXFileReference; lastKnownFileType = folder.assetcatalog; path = Assets.xcassets; sourceTree = "<group>"; };
		05362C8D2C2EB0BF00E5F51C /* Base */ = {isa = PBXFileReference; lastKnownFileType = file.storyboard; name = Base; path = Base.lproj/LaunchScreen.storyboard; sourceTree = "<group>"; };
		05362C8F2C2EB0BF00E5F51C /* Info.plist */ = {isa = PBXFileReference; lastKnownFileType = text.plist.xml; path = Info.plist; sourceTree = "<group>"; };
		05362C942C2EB0BF00E5F51C /* Stock ZoneTests.xctest */ = {isa = PBXFileReference; explicitFileType = wrapper.cfbundle; includeInIndex = 0; path = "Stock ZoneTests.xctest"; sourceTree = BUILT_PRODUCTS_DIR; };
		05362C982C2EB0BF00E5F51C /* Stock_ZoneTests.swift */ = {isa = PBXFileReference; lastKnownFileType = sourcecode.swift; path = Stock_ZoneTests.swift; sourceTree = "<group>"; };
		05362C9E2C2EB0BF00E5F51C /* Stock ZoneUITests.xctest */ = {isa = PBXFileReference; explicitFileType = wrapper.cfbundle; includeInIndex = 0; path = "Stock ZoneUITests.xctest"; sourceTree = BUILT_PRODUCTS_DIR; };
		05362CA22C2EB0BF00E5F51C /* Stock_ZoneUITests.swift */ = {isa = PBXFileReference; lastKnownFileType = sourcecode.swift; path = Stock_ZoneUITests.swift; sourceTree = "<group>"; };
		05362CA42C2EB0BF00E5F51C /* Stock_ZoneUITestsLaunchTests.swift */ = {isa = PBXFileReference; lastKnownFileType = sourcecode.swift; path = Stock_ZoneUITestsLaunchTests.swift; sourceTree = "<group>"; };
/* End PBXFileReference section */

/* Begin PBXFrameworksBuildPhase section */
		05362C782C2EB0BD00E5F51C /* Frameworks */ = {
			isa = PBXFrameworksBuildPhase;
			buildActionMask = 2147483647;
			files = (
			);
			runOnlyForDeploymentPostprocessing = 0;
		};
		05362C912C2EB0BF00E5F51C /* Frameworks */ = {
			isa = PBXFrameworksBuildPhase;
			buildActionMask = 2147483647;
			files = (
			);
			runOnlyForDeploymentPostprocessing = 0;
		};
		05362C9B2C2EB0BF00E5F51C /* Frameworks */ = {
			isa = PBXFrameworksBuildPhase;
			buildActionMask = 2147483647;
			files = (
			);
			runOnlyForDeploymentPostprocessing = 0;
		};
/* End PBXFrameworksBuildPhase section */

/* Begin PBXGroup section */
		05362C722C2EB0BD00E5F51C = {
			isa = PBXGroup;
			children = (
				05362C7D2C2EB0BD00E5F51C /* Stock Zone */,
				05362C972C2EB0BF00E5F51C /* Stock ZoneTests */,
				05362CA12C2EB0BF00E5F51C /* Stock ZoneUITests */,
				05362C7C2C2EB0BD00E5F51C /* Products */,
			);
			sourceTree = "<group>";
		};
		05362C7C2C2EB0BD00E5F51C /* Products */ = {
			isa = PBXGroup;
			children = (
				05362C7B2C2EB0BD00E5F51C /* Stock Zone.app */,
				05362C942C2EB0BF00E5F51C /* Stock ZoneTests.xctest */,
				05362C9E2C2EB0BF00E5F51C /* Stock ZoneUITests.xctest */,
			);
			name = Products;
			sourceTree = "<group>";
		};
		05362C7D2C2EB0BD00E5F51C /* Stock Zone */ = {
			isa = PBXGroup;
			children = (
				05362CB52C2EB77800E5F51C /* Models */,
				05362CB42C2EB76700E5F51C /* ViewMode's */,
				05362CB32C2EB75D00E5F51C /* Managers */,
				05362CB22C2EB74F00E5F51C /* ViewControllers */,
				05362CB12C2EB74600E5F51C /* Support */,
				05362C7E2C2EB0BD00E5F51C /* AppDelegate.swift */,
				05362C802C2EB0BD00E5F51C /* SceneDelegate.swift */,
				05362C822C2EB0BD00E5F51C /* ViewController.swift */,
				05362C8A2C2EB0BF00E5F51C /* Assets.xcassets */,
				05362C8C2C2EB0BF00E5F51C /* LaunchScreen.storyboard */,
				05362C8F2C2EB0BF00E5F51C /* Info.plist */,
				05362C872C2EB0BD00E5F51C /* Stock_Zone.xcdatamodeld */,
			);
			path = "Stock Zone";
			sourceTree = "<group>";
		};
		05362C972C2EB0BF00E5F51C /* Stock ZoneTests */ = {
			isa = PBXGroup;
			children = (
				05362C982C2EB0BF00E5F51C /* Stock_ZoneTests.swift */,
			);
			path = "Stock ZoneTests";
			sourceTree = "<group>";
		};
		05362CA12C2EB0BF00E5F51C /* Stock ZoneUITests */ = {
			isa = PBXGroup;
			children = (
				05362CA22C2EB0BF00E5F51C /* Stock_ZoneUITests.swift */,
				05362CA42C2EB0BF00E5F51C /* Stock_ZoneUITestsLaunchTests.swift */,
			);
			path = "Stock ZoneUITests";
			sourceTree = "<group>";
		};
		05362CB12C2EB74600E5F51C /* Support */ = {
			isa = PBXGroup;
			children = (
			);
			path = Support;
			sourceTree = "<group>";
		};
		05362CB22C2EB74F00E5F51C /* ViewControllers */ = {
			isa = PBXGroup;
			children = (
			);
			path = ViewControllers;
			sourceTree = "<group>";
		};
		05362CB32C2EB75D00E5F51C /* Managers */ = {
			isa = PBXGroup;
			children = (
			);
			path = Managers;
			sourceTree = "<group>";
		};
		05362CB42C2EB76700E5F51C /* ViewMode's */ = {
			isa = PBXGroup;
			children = (
			);
			path = "ViewMode's";
			sourceTree = "<group>";
		};
		05362CB52C2EB77800E5F51C /* Models */ = {
			isa = PBXGroup;
			children = (
			);
			path = Models;
			sourceTree = "<group>";
		};
/* End PBXGroup section */

/* Begin PBXNativeTarget section */
		05362C7A2C2EB0BD00E5F51C /* Stock Zone */ = {
			isa = PBXNativeTarget;
			buildConfigurationList = 05362CA82C2EB0BF00E5F51C /* Build configuration list for PBXNativeTarget "Stock Zone" */;
			buildPhases = (
				05362C772C2EB0BD00E5F51C /* Sources */,
				05362C782C2EB0BD00E5F51C /* Frameworks */,
				05362C792C2EB0BD00E5F51C /* Resources */,
			);
			buildRules = (
			);
			dependencies = (
			);
			name = "Stock Zone";
			productName = "Stock Zone";
			productReference = 05362C7B2C2EB0BD00E5F51C /* Stock Zone.app */;
			productType = "com.apple.product-type.application";
		};
		05362C932C2EB0BF00E5F51C /* Stock ZoneTests */ = {
			isa = PBXNativeTarget;
			buildConfigurationList = 05362CAB2C2EB0BF00E5F51C /* Build configuration list for PBXNativeTarget "Stock ZoneTests" */;
			buildPhases = (
				05362C902C2EB0BF00E5F51C /* Sources */,
				05362C912C2EB0BF00E5F51C /* Frameworks */,
				05362C922C2EB0BF00E5F51C /* Resources */,
			);
			buildRules = (
			);
			dependencies = (
				05362C962C2EB0BF00E5F51C /* PBXTargetDependency */,
			);
			name = "Stock ZoneTests";
			productName = "Stock ZoneTests";
			productReference = 05362C942C2EB0BF00E5F51C /* Stock ZoneTests.xctest */;
			productType = "com.apple.product-type.bundle.unit-test";
		};
		05362C9D2C2EB0BF00E5F51C /* Stock ZoneUITests */ = {
			isa = PBXNativeTarget;
			buildConfigurationList = 05362CAE2C2EB0BF00E5F51C /* Build configuration list for PBXNativeTarget "Stock ZoneUITests" */;
			buildPhases = (
				05362C9A2C2EB0BF00E5F51C /* Sources */,
				05362C9B2C2EB0BF00E5F51C /* Frameworks */,
				05362C9C2C2EB0BF00E5F51C /* Resources */,
			);
			buildRules = (
			);
			dependencies = (
				05362CA02C2EB0BF00E5F51C /* PBXTargetDependency */,
			);
			name = "Stock ZoneUITests";
			productName = "Stock ZoneUITests";
			productReference = 05362C9E2C2EB0BF00E5F51C /* Stock ZoneUITests.xctest */;
			productType = "com.apple.product-type.bundle.ui-testing";
		};
/* End PBXNativeTarget section */

/* Begin PBXProject section */
		05362C732C2EB0BD00E5F51C /* Project object */ = {
			isa = PBXProject;
			attributes = {
				BuildIndependentTargetsInParallel = 1;
				LastSwiftUpdateCheck = 1430;
				LastUpgradeCheck = 1430;
				TargetAttributes = {
					05362C7A2C2EB0BD00E5F51C = {
						CreatedOnToolsVersion = 14.3;
					};
					05362C932C2EB0BF00E5F51C = {
						CreatedOnToolsVersion = 14.3;
						TestTargetID = 05362C7A2C2EB0BD00E5F51C;
					};
					05362C9D2C2EB0BF00E5F51C = {
						CreatedOnToolsVersion = 14.3;
						TestTargetID = 05362C7A2C2EB0BD00E5F51C;
					};
				};
			};
			buildConfigurationList = 05362C762C2EB0BD00E5F51C /* Build configuration list for PBXProject "Stock Zone" */;
			compatibilityVersion = "Xcode 14.0";
			developmentRegion = en;
			hasScannedForEncodings = 0;
			knownRegions = (
				en,
				Base,
			);
			mainGroup = 05362C722C2EB0BD00E5F51C;
			productRefGroup = 05362C7C2C2EB0BD00E5F51C /* Products */;
			projectDirPath = "";
			projectRoot = "";
			targets = (
				05362C7A2C2EB0BD00E5F51C /* Stock Zone */,
				05362C932C2EB0BF00E5F51C /* Stock ZoneTests */,
				05362C9D2C2EB0BF00E5F51C /* Stock ZoneUITests */,
			);
		};
/* End PBXProject section */

/* Begin PBXResourcesBuildPhase section */
		05362C792C2EB0BD00E5F51C /* Resources */ = {
			isa = PBXResourcesBuildPhase;
			buildActionMask = 2147483647;
			files = (
				05362C8E2C2EB0BF00E5F51C /* LaunchScreen.storyboard in Resources */,
				05362C8B2C2EB0BF00E5F51C /* Assets.xcassets in Resources */,
			);
			runOnlyForDeploymentPostprocessing = 0;
		};
		05362C922C2EB0BF00E5F51C /* Resources */ = {
			isa = PBXResourcesBuildPhase;
			buildActionMask = 2147483647;
			files = (
			);
			runOnlyForDeploymentPostprocessing = 0;
		};
		05362C9C2C2EB0BF00E5F51C /* Resources */ = {
			isa = PBXResourcesBuildPhase;
			buildActionMask = 2147483647;
			files = (
			);
			runOnlyForDeploymentPostprocessing = 0;
		};
/* End PBXResourcesBuildPhase section */

/* Begin PBXSourcesBuildPhase section */
		05362C772C2EB0BD00E5F51C /* Sources */ = {
			isa = PBXSourcesBuildPhase;
			buildActionMask = 2147483647;
			files = (
				05362C832C2EB0BD00E5F51C /* ViewController.swift in Sources */,
				05362C7F2C2EB0BD00E5F51C /* AppDelegate.swift in Sources */,
				05362C892C2EB0BD00E5F51C /* Stock_Zone.xcdatamodeld in Sources */,
				05362C812C2EB0BD00E5F51C /* SceneDelegate.swift in Sources */,
			);
			runOnlyForDeploymentPostprocessing = 0;
		};
		05362C902C2EB0BF00E5F51C /* Sources */ = {
			isa = PBXSourcesBuildPhase;
			buildActionMask = 2147483647;
			files = (
				05362C992C2EB0BF00E5F51C /* Stock_ZoneTests.swift in Sources */,
			);
			runOnlyForDeploymentPostprocessing = 0;
		};
		05362C9A2C2EB0BF00E5F51C /* Sources */ = {
			isa = PBXSourcesBuildPhase;
			buildActionMask = 2147483647;
			files = (
				05362CA32C2EB0BF00E5F51C /* Stock_ZoneUITests.swift in Sources */,
				05362CA52C2EB0BF00E5F51C /* Stock_ZoneUITestsLaunchTests.swift in Sources */,
			);
			runOnlyForDeploymentPostprocessing = 0;
		};
/* End PBXSourcesBuildPhase section */

/* Begin PBXTargetDependency section */
		05362C962C2EB0BF00E5F51C /* PBXTargetDependency */ = {
			isa = PBXTargetDependency;
			target = 05362C7A2C2EB0BD00E5F51C /* Stock Zone */;
			targetProxy = 05362C952C2EB0BF00E5F51C /* PBXContainerItemProxy */;
		};
		05362CA02C2EB0BF00E5F51C /* PBXTargetDependency */ = {
			isa = PBXTargetDependency;
			target = 05362C7A2C2EB0BD00E5F51C /* Stock Zone */;
			targetProxy = 05362C9F2C2EB0BF00E5F51C /* PBXContainerItemProxy */;
		};
/* End PBXTargetDependency section */

/* Begin PBXVariantGroup section */
		05362C8C2C2EB0BF00E5F51C /* LaunchScreen.storyboard */ = {
			isa = PBXVariantGroup;
			children = (
				05362C8D2C2EB0BF00E5F51C /* Base */,
			);
			name = LaunchScreen.storyboard;
			sourceTree = "<group>";
		};
/* End PBXVariantGroup section */

/* Begin XCBuildConfiguration section */
		05362CA62C2EB0BF00E5F51C /* Debug */ = {
			isa = XCBuildConfiguration;
			buildSettings = {
				ALWAYS_SEARCH_USER_PATHS = NO;
				CLANG_ANALYZER_NONNULL = YES;
				CLANG_ANALYZER_NUMBER_OBJECT_CONVERSION = YES_AGGRESSIVE;
				CLANG_CXX_LANGUAGE_STANDARD = "gnu++20";
				CLANG_ENABLE_MODULES = YES;
				CLANG_ENABLE_OBJC_ARC = YES;
				CLANG_ENABLE_OBJC_WEAK = YES;
				CLANG_WARN_BLOCK_CAPTURE_AUTORELEASING = YES;
				CLANG_WARN_BOOL_CONVERSION = YES;
				CLANG_WARN_COMMA = YES;
				CLANG_WARN_CONSTANT_CONVERSION = YES;
				CLANG_WARN_DEPRECATED_OBJC_IMPLEMENTATIONS = YES;
				CLANG_WARN_DIRECT_OBJC_ISA_USAGE = YES_ERROR;
				CLANG_WARN_DOCUMENTATION_COMMENTS = YES;
				CLANG_WARN_EMPTY_BODY = YES;
				CLANG_WARN_ENUM_CONVERSION = YES;
				CLANG_WARN_INFINITE_RECURSION = YES;
				CLANG_WARN_INT_CONVERSION = YES;
				CLANG_WARN_NON_LITERAL_NULL_CONVERSION = YES;
				CLANG_WARN_OBJC_IMPLICIT_RETAIN_SELF = YES;
				CLANG_WARN_OBJC_LITERAL_CONVERSION = YES;
				CLANG_WARN_OBJC_ROOT_CLASS = YES_ERROR;
				CLANG_WARN_QUOTED_INCLUDE_IN_FRAMEWORK_HEADER = YES;
				CLANG_WARN_RANGE_LOOP_ANALYSIS = YES;
				CLANG_WARN_STRICT_PROTOTYPES = YES;
				CLANG_WARN_SUSPICIOUS_MOVE = YES;
				CLANG_WARN_UNGUARDED_AVAILABILITY = YES_AGGRESSIVE;
				CLANG_WARN_UNREACHABLE_CODE = YES;
				CLANG_WARN__DUPLICATE_METHOD_MATCH = YES;
				COPY_PHASE_STRIP = NO;
				DEBUG_INFORMATION_FORMAT = dwarf;
				ENABLE_STRICT_OBJC_MSGSEND = YES;
				ENABLE_TESTABILITY = YES;
				GCC_C_LANGUAGE_STANDARD = gnu11;
				GCC_DYNAMIC_NO_PIC = NO;
				GCC_NO_COMMON_BLOCKS = YES;
				GCC_OPTIMIZATION_LEVEL = 0;
				GCC_PREPROCESSOR_DEFINITIONS = (
					"DEBUG=1",
					"$(inherited)",
				);
				GCC_WARN_64_TO_32_BIT_CONVERSION = YES;
				GCC_WARN_ABOUT_RETURN_TYPE = YES_ERROR;
				GCC_WARN_UNDECLARED_SELECTOR = YES;
				GCC_WARN_UNINITIALIZED_AUTOS = YES_AGGRESSIVE;
				GCC_WARN_UNUSED_FUNCTION = YES;
				GCC_WARN_UNUSED_VARIABLE = YES;
				IPHONEOS_DEPLOYMENT_TARGET = 16.4;
				MTL_ENABLE_DEBUG_INFO = INCLUDE_SOURCE;
				MTL_FAST_MATH = YES;
				ONLY_ACTIVE_ARCH = YES;
				SDKROOT = iphoneos;
				SWIFT_ACTIVE_COMPILATION_CONDITIONS = DEBUG;
				SWIFT_OPTIMIZATION_LEVEL = "-Onone";
			};
			name = Debug;
		};
		05362CA72C2EB0BF00E5F51C /* Release */ = {
			isa = XCBuildConfiguration;
			buildSettings = {
				ALWAYS_SEARCH_USER_PATHS = NO;
				CLANG_ANALYZER_NONNULL = YES;
				CLANG_ANALYZER_NUMBER_OBJECT_CONVERSION = YES_AGGRESSIVE;
				CLANG_CXX_LANGUAGE_STANDARD = "gnu++20";
				CLANG_ENABLE_MODULES = YES;
				CLANG_ENABLE_OBJC_ARC = YES;
				CLANG_ENABLE_OBJC_WEAK = YES;
				CLANG_WARN_BLOCK_CAPTURE_AUTORELEASING = YES;
				CLANG_WARN_BOOL_CONVERSION = YES;
				CLANG_WARN_COMMA = YES;
				CLANG_WARN_CONSTANT_CONVERSION = YES;
				CLANG_WARN_DEPRECATED_OBJC_IMPLEMENTATIONS = YES;
				CLANG_WARN_DIRECT_OBJC_ISA_USAGE = YES_ERROR;
				CLANG_WARN_DOCUMENTATION_COMMENTS = YES;
				CLANG_WARN_EMPTY_BODY = YES;
				CLANG_WARN_ENUM_CONVERSION = YES;
				CLANG_WARN_INFINITE_RECURSION = YES;
				CLANG_WARN_INT_CONVERSION = YES;
				CLANG_WARN_NON_LITERAL_NULL_CONVERSION = YES;
				CLANG_WARN_OBJC_IMPLICIT_RETAIN_SELF = YES;
				CLANG_WARN_OBJC_LITERAL_CONVERSION = YES;
				CLANG_WARN_OBJC_ROOT_CLASS = YES_ERROR;
				CLANG_WARN_QUOTED_INCLUDE_IN_FRAMEWORK_HEADER = YES;
				CLANG_WARN_RANGE_LOOP_ANALYSIS = YES;
				CLANG_WARN_STRICT_PROTOTYPES = YES;
				CLANG_WARN_SUSPICIOUS_MOVE = YES;
				CLANG_WARN_UNGUARDED_AVAILABILITY = YES_AGGRESSIVE;
				CLANG_WARN_UNREACHABLE_CODE = YES;
				CLANG_WARN__DUPLICATE_METHOD_MATCH = YES;
				COPY_PHASE_STRIP = NO;
				DEBUG_INFORMATION_FORMAT = "dwarf-with-dsym";
				ENABLE_NS_ASSERTIONS = NO;
				ENABLE_STRICT_OBJC_MSGSEND = YES;
				GCC_C_LANGUAGE_STANDARD = gnu11;
				GCC_NO_COMMON_BLOCKS = YES;
				GCC_WARN_64_TO_32_BIT_CONVERSION = YES;
				GCC_WARN_ABOUT_RETURN_TYPE = YES_ERROR;
				GCC_WARN_UNDECLARED_SELECTOR = YES;
				GCC_WARN_UNINITIALIZED_AUTOS = YES_AGGRESSIVE;
				GCC_WARN_UNUSED_FUNCTION = YES;
				GCC_WARN_UNUSED_VARIABLE = YES;
				IPHONEOS_DEPLOYMENT_TARGET = 16.4;
				MTL_ENABLE_DEBUG_INFO = NO;
				MTL_FAST_MATH = YES;
				SDKROOT = iphoneos;
				SWIFT_COMPILATION_MODE = wholemodule;
				SWIFT_OPTIMIZATION_LEVEL = "-O";
				VALIDATE_PRODUCT = YES;
			};
			name = Release;
		};
		05362CA92C2EB0BF00E5F51C /* Debug */ = {
			isa = XCBuildConfiguration;
			buildSettings = {
				ASSETCATALOG_COMPILER_APPICON_NAME = AppIcon;
				ASSETCATALOG_COMPILER_GLOBAL_ACCENT_COLOR_NAME = AccentColor;
				CODE_SIGN_STYLE = Automatic;
				CURRENT_PROJECT_VERSION = 1;
				DEVELOPMENT_TEAM = TN8F86PNVM;
				GENERATE_INFOPLIST_FILE = YES;
				INFOPLIST_FILE = "Stock Zone/Info.plist";
				INFOPLIST_KEY_CFBundleDisplayName = "";
				INFOPLIST_KEY_LSApplicationCategoryType = "";
				INFOPLIST_KEY_UIApplicationSupportsIndirectInputEvents = YES;
				INFOPLIST_KEY_UILaunchStoryboardName = LaunchScreen;
				INFOPLIST_KEY_UISupportedInterfaceOrientations = "UIInterfaceOrientationLandscapeRight UIInterfaceOrientationPortrait UIInterfaceOrientationPortraitUpsideDown";
				INFOPLIST_KEY_UISupportedInterfaceOrientations_iPad = "UIInterfaceOrientationPortrait UIInterfaceOrientationPortraitUpsideDown";
				IPHONEOS_DEPLOYMENT_TARGET = 16.1;
				LD_RUNPATH_SEARCH_PATHS = (
					"$(inherited)",
					"@executable_path/Frameworks",
				);
				MARKETING_VERSION = 1.0;
				PRODUCT_BUNDLE_IDENTIFIER = "com.kibichy.Stock-Zone";
				PRODUCT_NAME = "$(TARGET_NAME)";
				SWIFT_EMIT_LOC_STRINGS = YES;
				SWIFT_VERSION = 5.0;
				TARGETED_DEVICE_FAMILY = "1,2";
			};
			name = Debug;
		};
		05362CAA2C2EB0BF00E5F51C /* Release */ = {
			isa = XCBuildConfiguration;
			buildSettings = {
				ASSETCATALOG_COMPILER_APPICON_NAME = AppIcon;
				ASSETCATALOG_COMPILER_GLOBAL_ACCENT_COLOR_NAME = AccentColor;
				CODE_SIGN_STYLE = Automatic;
				CURRENT_PROJECT_VERSION = 1;
				DEVELOPMENT_TEAM = TN8F86PNVM;
				GENERATE_INFOPLIST_FILE = YES;
				INFOPLIST_FILE = "Stock Zone/Info.plist";
				INFOPLIST_KEY_CFBundleDisplayName = "";
				INFOPLIST_KEY_LSApplicationCategoryType = "";
				INFOPLIST_KEY_UIApplicationSupportsIndirectInputEvents = YES;
				INFOPLIST_KEY_UILaunchStoryboardName = LaunchScreen;
				INFOPLIST_KEY_UISupportedInterfaceOrientations = "UIInterfaceOrientationLandscapeRight UIInterfaceOrientationPortrait UIInterfaceOrientationPortraitUpsideDown";
				INFOPLIST_KEY_UISupportedInterfaceOrientations_iPad = "UIInterfaceOrientationPortrait UIInterfaceOrientationPortraitUpsideDown";
				IPHONEOS_DEPLOYMENT_TARGET = 16.1;
				LD_RUNPATH_SEARCH_PATHS = (
					"$(inherited)",
					"@executable_path/Frameworks",
				);
				MARKETING_VERSION = 1.0;
				PRODUCT_BUNDLE_IDENTIFIER = "com.kibichy.Stock-Zone";
				PRODUCT_NAME = "$(TARGET_NAME)";
				SWIFT_EMIT_LOC_STRINGS = YES;
				SWIFT_VERSION = 5.0;
				TARGETED_DEVICE_FAMILY = "1,2";
			};
			name = Release;
		};
		05362CAC2C2EB0BF00E5F51C /* Debug */ = {
			isa = XCBuildConfiguration;
			buildSettings = {
				ALWAYS_EMBED_SWIFT_STANDARD_LIBRARIES = YES;
				BUNDLE_LOADER = "$(TEST_HOST)";
				CODE_SIGN_STYLE = Automatic;
				CURRENT_PROJECT_VERSION = 1;
				DEVELOPMENT_TEAM = TN8F86PNVM;
				GENERATE_INFOPLIST_FILE = YES;
				IPHONEOS_DEPLOYMENT_TARGET = 16.4;
				MARKETING_VERSION = 1.0;
				PRODUCT_BUNDLE_IDENTIFIER = "com.kibichy.Stock-ZoneTests";
				PRODUCT_NAME = "$(TARGET_NAME)";
				SWIFT_EMIT_LOC_STRINGS = NO;
				SWIFT_VERSION = 5.0;
				TARGETED_DEVICE_FAMILY = "1,2";
				TEST_HOST = "$(BUILT_PRODUCTS_DIR)/Stock Zone.app/$(BUNDLE_EXECUTABLE_FOLDER_PATH)/Stock Zone";
			};
			name = Debug;
		};
		05362CAD2C2EB0BF00E5F51C /* Release */ = {
			isa = XCBuildConfiguration;
			buildSettings = {
				ALWAYS_EMBED_SWIFT_STANDARD_LIBRARIES = YES;
				BUNDLE_LOADER = "$(TEST_HOST)";
				CODE_SIGN_STYLE = Automatic;
				CURRENT_PROJECT_VERSION = 1;
				DEVELOPMENT_TEAM = TN8F86PNVM;
				GENERATE_INFOPLIST_FILE = YES;
				IPHONEOS_DEPLOYMENT_TARGET = 16.4;
				MARKETING_VERSION = 1.0;
				PRODUCT_BUNDLE_IDENTIFIER = "com.kibichy.Stock-ZoneTests";
				PRODUCT_NAME = "$(TARGET_NAME)";
				SWIFT_EMIT_LOC_STRINGS = NO;
				SWIFT_VERSION = 5.0;
				TARGETED_DEVICE_FAMILY = "1,2";
				TEST_HOST = "$(BUILT_PRODUCTS_DIR)/Stock Zone.app/$(BUNDLE_EXECUTABLE_FOLDER_PATH)/Stock Zone";
			};
			name = Release;
		};
		05362CAF2C2EB0BF00E5F51C /* Debug */ = {
			isa = XCBuildConfiguration;
			buildSettings = {
				ALWAYS_EMBED_SWIFT_STANDARD_LIBRARIES = YES;
				CODE_SIGN_STYLE = Automatic;
				CURRENT_PROJECT_VERSION = 1;
				DEVELOPMENT_TEAM = TN8F86PNVM;
				GENERATE_INFOPLIST_FILE = YES;
				MARKETING_VERSION = 1.0;
				PRODUCT_BUNDLE_IDENTIFIER = "com.kibichy.Stock-ZoneUITests";
				PRODUCT_NAME = "$(TARGET_NAME)";
				SWIFT_EMIT_LOC_STRINGS = NO;
				SWIFT_VERSION = 5.0;
				TARGETED_DEVICE_FAMILY = "1,2";
				TEST_TARGET_NAME = "Stock Zone";
			};
			name = Debug;
		};
		05362CB02C2EB0BF00E5F51C /* Release */ = {
			isa = XCBuildConfiguration;
			buildSettings = {
				ALWAYS_EMBED_SWIFT_STANDARD_LIBRARIES = YES;
				CODE_SIGN_STYLE = Automatic;
				CURRENT_PROJECT_VERSION = 1;
				DEVELOPMENT_TEAM = TN8F86PNVM;
				GENERATE_INFOPLIST_FILE = YES;
				MARKETING_VERSION = 1.0;
				PRODUCT_BUNDLE_IDENTIFIER = "com.kibichy.Stock-ZoneUITests";
				PRODUCT_NAME = "$(TARGET_NAME)";
				SWIFT_EMIT_LOC_STRINGS = NO;
				SWIFT_VERSION = 5.0;
				TARGETED_DEVICE_FAMILY = "1,2";
				TEST_TARGET_NAME = "Stock Zone";
			};
			name = Release;
		};
/* End XCBuildConfiguration section */

/* Begin XCConfigurationList section */
		05362C762C2EB0BD00E5F51C /* Build configuration list for PBXProject "Stock Zone" */ = {
			isa = XCConfigurationList;
			buildConfigurations = (
				05362CA62C2EB0BF00E5F51C /* Debug */,
				05362CA72C2EB0BF00E5F51C /* Release */,
			);
			defaultConfigurationIsVisible = 0;
			defaultConfigurationName = Release;
		};
		05362CA82C2EB0BF00E5F51C /* Build configuration list for PBXNativeTarget "Stock Zone" */ = {
			isa = XCConfigurationList;
			buildConfigurations = (
				05362CA92C2EB0BF00E5F51C /* Debug */,
				05362CAA2C2EB0BF00E5F51C /* Release */,
			);
			defaultConfigurationIsVisible = 0;
			defaultConfigurationName = Release;
		};
		05362CAB2C2EB0BF00E5F51C /* Build configuration list for PBXNativeTarget "Stock ZoneTests" */ = {
			isa = XCConfigurationList;
			buildConfigurations = (
				05362CAC2C2EB0BF00E5F51C /* Debug */,
				05362CAD2C2EB0BF00E5F51C /* Release */,
			);
			defaultConfigurationIsVisible = 0;
			defaultConfigurationName = Release;
		};
		05362CAE2C2EB0BF00E5F51C /* Build configuration list for PBXNativeTarget "Stock ZoneUITests" */ = {
			isa = XCConfigurationList;
			buildConfigurations = (
				05362CAF2C2EB0BF00E5F51C /* Debug */,
				05362CB02C2EB0BF00E5F51C /* Release */,
			);
			defaultConfigurationIsVisible = 0;
			defaultConfigurationName = Release;
		};
/* End XCConfigurationList section */

/* Begin XCVersionGroup section */
		05362C872C2EB0BD00E5F51C /* Stock_Zone.xcdatamodeld */ = {
			isa = XCVersionGroup;
			children = (
				05362C882C2EB0BD00E5F51C /* Stock_Zone.xcdatamodel */,
			);
			currentVersion = 05362C882C2EB0BD00E5F51C /* Stock_Zone.xcdatamodel */;
			path = Stock_Zone.xcdatamodeld;
			sourceTree = "<group>";
			versionGroupType = wrapper.xcdatamodel;
		};
/* End XCVersionGroup section */
	};
	rootObject = 05362C732C2EB0BD00E5F51C /* Project object */;
}
